// !$*UTF8*$!
{
	archiveVersion = 1;
	classes = {
	};
	objectVersion = 50;
	objects = {

/* Begin PBXBuildFile section */
		EF3BEA7C25C64A0100860DC9 /* swipe_close_gridApp.swift in Sources */ = {isa = PBXBuildFile; fileRef = EF3BEA7B25C64A0100860DC9 /* swipe_close_gridApp.swift */; };
		EF3BEA7E25C64A0100860DC9 /* HomeView.swift in Sources */ = {isa = PBXBuildFile; fileRef = EF3BEA7D25C64A0100860DC9 /* HomeView.swift */; };
		EF3BEA8025C64A0400860DC9 /* Assets.xcassets in Resources */ = {isa = PBXBuildFile; fileRef = EF3BEA7F25C64A0400860DC9 /* Assets.xcassets */; };
		EF3BEA8325C64A0400860DC9 /* Preview Assets.xcassets in Resources */ = {isa = PBXBuildFile; fileRef = EF3BEA8225C64A0400860DC9 /* Preview Assets.xcassets */; };
/* End PBXBuildFile section */

/* Begin PBXFileReference section */
		EF3BEA7825C64A0100860DC9 /* swipe close grid.app */ = {isa = PBXFileReference; explicitFileType = wrapper.application; includeInIndex = 0; path = "swipe close grid.app"; sourceTree = BUILT_PRODUCTS_DIR; };
		EF3BEA7B25C64A0100860DC9 /* swipe_close_gridApp.swift */ = {isa = PBXFileReference; lastKnownFileType = sourcecode.swift; path = swipe_close_gridApp.swift; sourceTree = "<group>"; };
		EF3BEA7D25C64A0100860DC9 /* HomeView.swift */ = {isa = PBXFileReference; lastKnownFileType = sourcecode.swift; path = HomeView.swift; sourceTree = "<group>"; };
		EF3BEA7F25C64A0400860DC9 /* Assets.xcassets */ = {isa = PBXFileReference; lastKnownFileType = folder.assetcatalog; path = Assets.xcassets; sourceTree = "<group>"; };
		EF3BEA8225C64A0400860DC9 /* Preview Assets.xcassets */ = {isa = PBXFileReference; lastKnownFileType = folder.assetcatalog; path = "Preview Assets.xcassets"; sourceTree = "<group>"; };
		EF3BEA8425C64A0400860DC9 /* Info.plist */ = {isa = PBXFileReference; lastKnownFileType = text.plist.xml; path = Info.plist; sourceTree = "<group>"; };
		EF3BEA8C25C64A9600860DC9 /* README.md */ = {isa = PBXFileReference; lastKnownFileType = net.daringfireball.markdown; path = README.md; sourceTree = "<group>"; };
/* End PBXFileReference section */

/* Begin PBXFrameworksBuildPhase section */
		EF3BEA7525C64A0100860DC9 /* Frameworks */ = {
			isa = PBXFrameworksBuildPhase;
			buildActionMask = 2147483647;
			files = (
			);
			runOnlyForDeploymentPostprocessing = 0;
		};
/* End PBXFrameworksBuildPhase section */

/* Begin PBXGroup section */
		EF3BEA6F25C64A0100860DC9 = {
			isa = PBXGroup;
			children = (
				EF3BEA8C25C64A9600860DC9 /* README.md */,
				EF3BEA7A25C64A0100860DC9 /* swipe close grid */,
				EF3BEA7925C64A0100860DC9 /* Products */,
			);
			sourceTree = "<group>";
		};
		EF3BEA7925C64A0100860DC9 /* Products */ = {
			isa = PBXGroup;
			children = (
				EF3BEA7825C64A0100860DC9 /* swipe close grid.app */,
			);
			name = Products;
			sourceTree = "<group>";
		};
		EF3BEA7A25C64A0100860DC9 /* swipe close grid */ = {
			isa = PBXGroup;
			children = (
				EF3BEA9025C64C6200860DC9 /* ViewModel */,
				EF3BEA8F25C64C5B00860DC9 /* View */,
				EF3BEA8E25C64C5000860DC9 /* Model */,
				EF3BEA7B25C64A0100860DC9 /* swipe_close_gridApp.swift */,
				EF3BEA7F25C64A0400860DC9 /* Assets.xcassets */,
				EF3BEA8425C64A0400860DC9 /* Info.plist */,
				EF3BEA8125C64A0400860DC9 /* Preview Content */,
			);
			path = "swipe close grid";
			sourceTree = "<group>";
		};
		EF3BEA8125C64A0400860DC9 /* Preview Content */ = {
			isa = PBXGroup;
			children = (
				EF3BEA8225C64A0400860DC9 /* Preview Assets.xcassets */,
			);
			path = "Preview Content";
			sourceTree = "<group>";
		};
		EF3BEA8E25C64C5000860DC9 /* Model */ = {
			isa = PBXGroup;
			children = (
			);
			path = Model;
			sourceTree = "<group>";
		};
		EF3BEA8F25C64C5B00860DC9 /* View */ = {
			isa = PBXGroup;
			children = (
				EF3BEA7D25C64A0100860DC9 /* HomeView.swift */,
			);
			path = View;
			sourceTree = "<group>";
		};
		EF3BEA9025C64C6200860DC9 /* ViewModel */ = {
			isa = PBXGroup;
			children = (
			);
			path = ViewModel;
			sourceTree = "<group>";
		};
/* End PBXGroup section */

/* Begin PBXNativeTarget section */
		EF3BEA7725C64A0100860DC9 /* swipe close grid */ = {
			isa = PBXNativeTarget;
			buildConfigurationList = EF3BEA8725C64A0400860DC9 /* Build configuration list for PBXNativeTarget "swipe close grid" */;
			buildPhases = (
				EF3BEA7425C64A0100860DC9 /* Sources */,
				EF3BEA7525C64A0100860DC9 /* Frameworks */,
				EF3BEA7625C64A0100860DC9 /* Resources */,
			);
			buildRules = (
			);
			dependencies = (
			);
			name = "swipe close grid";
			productName = "swipe close grid";
			productReference = EF3BEA7825C64A0100860DC9 /* swipe close grid.app */;
			productType = "com.apple.product-type.application";
		};
/* End PBXNativeTarget section */

/* Begin PBXProject section */
		EF3BEA7025C64A0100860DC9 /* Project object */ = {
			isa = PBXProject;
			attributes = {
				LastSwiftUpdateCheck = 1240;
				LastUpgradeCheck = 1240;
				TargetAttributes = {
					EF3BEA7725C64A0100860DC9 = {
						CreatedOnToolsVersion = 12.4;
					};
				};
			};
			buildConfigurationList = EF3BEA7325C64A0100860DC9 /* Build configuration list for PBXProject "swipe close grid" */;
			compatibilityVersion = "Xcode 9.3";
			developmentRegion = en;
			hasScannedForEncodings = 0;
			knownRegions = (
				en,
				Base,
			);
			mainGroup = EF3BEA6F25C64A0100860DC9;
			productRefGroup = EF3BEA7925C64A0100860DC9 /* Products */;
			projectDirPath = "";
			projectRoot = "";
			targets = (
				EF3BEA7725C64A0100860DC9 /* swipe close grid */,
			);
		};
/* End PBXProject section */

/* Begin PBXResourcesBuildPhase section */
		EF3BEA7625C64A0100860DC9 /* Resources */ = {
			isa = PBXResourcesBuildPhase;
			buildActionMask = 2147483647;
			files = (
				EF3BEA8325C64A0400860DC9 /* Preview Assets.xcassets in Resources */,
				EF3BEA8025C64A0400860DC9 /* Assets.xcassets in Resources */,
			);
			runOnlyForDeploymentPostprocessing = 0;
		};
/* End PBXResourcesBuildPhase section */

/* Begin PBXSourcesBuildPhase section */
		EF3BEA7425C64A0100860DC9 /* Sources */ = {
			isa = PBXSourcesBuildPhase;
			buildActionMask = 2147483647;
			files = (
				EF3BEA7E25C64A0100860DC9 /* HomeView.swift in Sources */,
				EF3BEA7C25C64A0100860DC9 /* swipe_close_gridApp.swift in Sources */,
			);
			runOnlyForDeploymentPostprocessing = 0;
		};
/* End PBXSourcesBuildPhase section */

/* Begin XCBuildConfiguration section */
		EF3BEA8525C64A0400860DC9 /* Debug */ = {
			isa = XCBuildConfiguration;
			buildSettings = {
				ALWAYS_SEARCH_USER_PATHS = NO;
				CLANG_ANALYZER_NONNULL = YES;
				CLANG_ANALYZER_NUMBER_OBJECT_CONVERSION = YES_AGGRESSIVE;
				CLANG_CXX_LANGUAGE_STANDARD = "gnu++14";
				CLANG_CXX_LIBRARY = "libc++";
				CLANG_ENABLE_MODULES = YES;
				CLANG_ENABLE_OBJC_ARC = YES;
				CLANG_ENABLE_OBJC_WEAK = YES;
				CLANG_WARN_BLOCK_CAPTURE_AUTORELEASING = YES;
				CLANG_WARN_BOOL_CONVERSION = YES;
				CLANG_WARN_COMMA = YES;
				CLANG_WARN_CONSTANT_CONVERSION = YES;
				CLANG_WARN_DEPRECATED_OBJC_IMPLEMENTATIONS = YES;
				CLANG_WARN_DIRECT_OBJC_ISA_USAGE = YES_ERROR;
				CLANG_WARN_DOCUMENTATION_COMMENTS = YES;
				CLANG_WARN_EMPTY_BODY = YES;
				CLANG_WARN_ENUM_CONVERSION = YES;
				CLANG_WARN_INFINITE_RECURSION = YES;
				CLANG_WARN_INT_CONVERSION = YES;
				CLANG_WARN_NON_LITERAL_NULL_CONVERSION = YES;
				CLANG_WARN_OBJC_IMPLICIT_RETAIN_SELF = YES;
				CLANG_WARN_OBJC_LITERAL_CONVERSION = YES;
				CLANG_WARN_OBJC_ROOT_CLASS = YES_ERROR;
				CLANG_WARN_QUOTED_INCLUDE_IN_FRAMEWORK_HEADER = YES;
				CLANG_WARN_RANGE_LOOP_ANALYSIS = YES;
				CLANG_WARN_STRICT_PROTOTYPES = YES;
				CLANG_WARN_SUSPICIOUS_MOVE = YES;
				CLANG_WARN_UNGUARDED_AVAILABILITY = YES_AGGRESSIVE;
				CLANG_WARN_UNREACHABLE_CODE = YES;
				CLANG_WARN__DUPLICATE_METHOD_MATCH = YES;
				COPY_PHASE_STRIP = NO;
				DEBUG_INFORMATION_FORMAT = dwarf;
				ENABLE_STRICT_OBJC_MSGSEND = YES;
				ENABLE_TESTABILITY = YES;
				GCC_C_LANGUAGE_STANDARD = gnu11;
				GCC_DYNAMIC_NO_PIC = NO;
				GCC_NO_COMMON_BLOCKS = YES;
				GCC_OPTIMIZATION_LEVEL = 0;
				GCC_PREPROCESSOR_DEFINITIONS = (
					"DEBUG=1",
					"$(inherited)",
				);
				GCC_WARN_64_TO_32_BIT_CONVERSION = YES;
				GCC_WARN_ABOUT_RETURN_TYPE = YES_ERROR;
				GCC_WARN_UNDECLARED_SELECTOR = YES;
				GCC_WARN_UNINITIALIZED_AUTOS = YES_AGGRESSIVE;
				GCC_WARN_UNUSED_FUNCTION = YES;
				GCC_WARN_UNUSED_VARIABLE = YES;
				IPHONEOS_DEPLOYMENT_TARGET = 14.4;
				MTL_ENABLE_DEBUG_INFO = INCLUDE_SOURCE;
				MTL_FAST_MATH = YES;
				ONLY_ACTIVE_ARCH = YES;
				SDKROOT = iphoneos;
				SWIFT_ACTIVE_COMPILATION_CONDITIONS = DEBUG;
				SWIFT_OPTIMIZATION_LEVEL = "-Onone";
			};
			name = Debug;
		};
		EF3BEA8625C64A0400860DC9 /* Release */ = {
			isa = XCBuildConfiguration;
			buildSettings = {
				ALWAYS_SEARCH_USER_PATHS = NO;
				CLANG_ANALYZER_NONNULL = YES;
				CLANG_ANALYZER_NUMBER_OBJECT_CONVERSION = YES_AGGRESSIVE;
				CLANG_CXX_LANGUAGE_STANDARD = "gnu++14";
				CLANG_CXX_LIBRARY = "libc++";
				CLANG_ENABLE_MODULES = YES;
				CLANG_ENABLE_OBJC_ARC = YES;
				CLANG_ENABLE_OBJC_WEAK = YES;
				CLANG_WARN_BLOCK_CAPTURE_AUTORELEASING = YES;
				CLANG_WARN_BOOL_CONVERSION = YES;
				CLANG_WARN_COMMA = YES;
				CLANG_WARN_CONSTANT_CONVERSION = YES;
				CLANG_WARN_DEPRECATED_OBJC_IMPLEMENTATIONS = YES;
				CLANG_WARN_DIRECT_OBJC_ISA_USAGE = YES_ERROR;
				CLANG_WARN_DOCUMENTATION_COMMENTS = YES;
				CLANG_WARN_EMPTY_BODY = YES;
				CLANG_WARN_ENUM_CONVERSION = YES;
				CLANG_WARN_INFINITE_RECURSION = YES;
				CLANG_WARN_INT_CONVERSION = YES;
				CLANG_WARN_NON_LITERAL_NULL_CONVERSION = YES;
				CLANG_WARN_OBJC_IMPLICIT_RETAIN_SELF = YES;
				CLANG_WARN_OBJC_LITERAL_CONVERSION = YES;
				CLANG_WARN_OBJC_ROOT_CLASS = YES_ERROR;
				CLANG_WARN_QUOTED_INCLUDE_IN_FRAMEWORK_HEADER = YES;
				CLANG_WARN_RANGE_LOOP_ANALYSIS = YES;
				CLANG_WARN_STRICT_PROTOTYPES = YES;
				CLANG_WARN_SUSPICIOUS_MOVE = YES;
				CLANG_WARN_UNGUARDED_AVAILABILITY = YES_AGGRESSIVE;
				CLANG_WARN_UNREACHABLE_CODE = YES;
				CLANG_WARN__DUPLICATE_METHOD_MATCH = YES;
				COPY_PHASE_STRIP = NO;
				DEBUG_INFORMATION_FORMAT = "dwarf-with-dsym";
				ENABLE_NS_ASSERTIONS = NO;
				ENABLE_STRICT_OBJC_MSGSEND = YES;
				GCC_C_LANGUAGE_STANDARD = gnu11;
				GCC_NO_COMMON_BLOCKS = YES;
				GCC_WARN_64_TO_32_BIT_CONVERSION = YES;
				GCC_WARN_ABOUT_RETURN_TYPE = YES_ERROR;
				GCC_WARN_UNDECLARED_SELECTOR = YES;
				GCC_WARN_UNINITIALIZED_AUTOS = YES_AGGRESSIVE;
				GCC_WARN_UNUSED_FUNCTION = YES;
				GCC_WARN_UNUSED_VARIABLE = YES;
				IPHONEOS_DEPLOYMENT_TARGET = 14.4;
				MTL_ENABLE_DEBUG_INFO = NO;
				MTL_FAST_MATH = YES;
				SDKROOT = iphoneos;
				SWIFT_COMPILATION_MODE = wholemodule;
				SWIFT_OPTIMIZATION_LEVEL = "-O";
				VALIDATE_PRODUCT = YES;
			};
			name = Release;
		};
		EF3BEA8825C64A0400860DC9 /* Debug */ = {
			isa = XCBuildConfiguration;
			buildSettings = {
				ASSETCATALOG_COMPILER_APPICON_NAME = AppIcon;
				ASSETCATALOG_COMPILER_GLOBAL_ACCENT_COLOR_NAME = AccentColor;
				CODE_SIGN_STYLE = Automatic;
				DEVELOPMENT_ASSET_PATHS = "\"swipe close grid/Preview Content\"";
				DEVELOPMENT_TEAM = CFBV6A4UV7;
				ENABLE_PREVIEWS = YES;
				INFOPLIST_FILE = "swipe close grid/Info.plist";
				IPHONEOS_DEPLOYMENT_TARGET = 14.0;
				LD_RUNPATH_SEARCH_PATHS = (
					"$(inherited)",
					"@executable_path/Frameworks",
				);
				PRODUCT_BUNDLE_IDENTIFIER = "jp.co.shlab.swipe-close-grid";
				PRODUCT_NAME = "$(TARGET_NAME)";
				SWIFT_VERSION = 5.0;
				TARGETED_DEVICE_FAMILY = "1,2";
			};
			name = Debug;
		};
		EF3BEA8925C64A0400860DC9 /* Release */ = {
			isa = XCBuildConfiguration;
			buildSettings = {
				ASSETCATALOG_COMPILER_APPICON_NAME = AppIcon;
				ASSETCATALOG_COMPILER_GLOBAL_ACCENT_COLOR_NAME = AccentColor;
				CODE_SIGN_STYLE = Automatic;
				DEVELOPMENT_ASSET_PATHS = "\"swipe close grid/Preview Content\"";
				DEVELOPMENT_TEAM = CFBV6A4UV7;
				ENABLE_PREVIEWS = YES;
				INFOPLIST_FILE = "swipe close grid/Info.plist";
				IPHONEOS_DEPLOYMENT_TARGET = 14.0;
				LD_RUNPATH_SEARCH_PATHS = (
					"$(inherited)",
					"@executable_path/Frameworks",
				);
				PRODUCT_BUNDLE_IDENTIFIER = "jp.co.shlab.swipe-close-grid";
				PRODUCT_NAME = "$(TARGET_NAME)";
				SWIFT_VERSION = 5.0;
				TARGETED_DEVICE_FAMILY = "1,2";
			};
			name = Release;
		};
/* End XCBuildConfiguration section */

/* Begin XCConfigurationList section */
		EF3BEA7325C64A0100860DC9 /* Build configuration list for PBXProject "swipe close grid" */ = {
			isa = XCConfigurationList;
			buildConfigurations = (
				EF3BEA8525C64A0400860DC9 /* Debug */,
				EF3BEA8625C64A0400860DC9 /* Release */,
			);
			defaultConfigurationIsVisible = 0;
			defaultConfigurationName = Release;
		};
		EF3BEA8725C64A0400860DC9 /* Build configuration list for PBXNativeTarget "swipe close grid" */ = {
			isa = XCConfigurationList;
			buildConfigurations = (
				EF3BEA8825C64A0400860DC9 /* Debug */,
				EF3BEA8925C64A0400860DC9 /* Release */,
			);
			defaultConfigurationIsVisible = 0;
			defaultConfigurationName = Release;
		};
/* End XCConfigurationList section */
	};
	rootObject = EF3BEA7025C64A0100860DC9 /* Project object */;
}
